{
  "pins" : [
    {
      "identity" : "abseil-cpp-swiftpm",
      "kind" : "remoteSourceControl",
      "location" : "https://github.com/firebase/abseil-cpp-SwiftPM.git",
      "state" : {
        "revision" : "fffc3c2729be5747390ad02d5100291a0d9ad26a",
        "version" : "0.20200225.4"
      }
    },
    {
      "identity" : "alamofire",
      "kind" : "remoteSourceControl",
      "location" : "https://github.com/Alamofire/Alamofire.git",
      "state" : {
        "revision" : "becd9a729a37bdbef5bc39dc3c702b99f9e3d046",
        "version" : "5.2.2"
      }
    },
    {
      "identity" : "alamofireimage",
      "kind" : "remoteSourceControl",
      "location" : "https://github.com/Alamofire/AlamofireImage",
      "state" : {
        "revision" : "3e8edbeb75227f8542aa87f90240cf0424d6362f",
        "version" : "4.1.0"
      }
    },
    {
      "identity" : "boringssl-swiftpm",
      "kind" : "remoteSourceControl",
      "location" : "https://github.com/firebase/boringssl-SwiftPM.git",
      "state" : {
        "revision" : "734a8247442fde37df4364c21f6a0085b6a36728",
        "version" : "0.7.2"
      }
    },
    {
      "identity" : "firebase-ios-sdk",
      "kind" : "remoteSourceControl",
      "location" : "https://github.com/firebase/firebase-ios-sdk.git",
      "state" : {
        "revision" : "b97bfcd2e5eecc7aa7e1aeb27d097d610876cf93",
        "version" : "7.11.1"
      }
    },
    {
      "identity" : "google-maps-ios-utils",
      "kind" : "remoteSourceControl",
      "location" : "https://github.com/googlemaps/google-maps-ios-utils.git",
      "state" : {
        "revision" : "aca46b8186ddcc62e0ce42c6b74efa76b191629b",
        "version" : "3.9.0"
      }
    },
    {
      "identity" : "googleappmeasurement",
      "kind" : "remoteSourceControl",
      "location" : "https://github.com/google/GoogleAppMeasurement.git",
      "state" : {
        "revision" : "22cb3ab5588200b210ae01e42665f52ac4e8ad28",
        "version" : "7.11.1"
      }
    },
    {
      "identity" : "googledatatransport",
      "kind" : "remoteSourceControl",
      "location" : "https://github.com/google/GoogleDataTransport.git",
      "state" : {
        "revision" : "369716b8d7518a530ce3c3a251436d72546debd8",
        "version" : "8.4.0"
      }
    },
    {
      "identity" : "googleutilities",
      "kind" : "remoteSourceControl",
      "location" : "https://github.com/google/GoogleUtilities.git",
      "state" : {
        "revision" : "bc27fad73504f3d4af235de451f02ee22586ebd3",
        "version" : "7.12.1"
      }
    },
    {
      "identity" : "grpc-swiftpm",
      "kind" : "remoteSourceControl",
      "location" : "https://github.com/firebase/grpc-SwiftPM.git",
      "state" : {
        "revision" : "fb405dd2c7901485f7e158b24e3a0a47e4efd8b5",
        "version" : "1.28.4"
      }
    },
    {
      "identity" : "gtm-session-fetcher",
      "kind" : "remoteSourceControl",
      "location" : "https://github.com/google/gtm-session-fetcher.git",
      "state" : {
        "revision" : "4e9bbf2808b8fee444e84a48f5f3c12641987d3e",
        "version" : "1.7.2"
      }
    },
    {
      "identity" : "iossecuritysuite",
      "kind" : "remoteSourceControl",
      "location" : "https://github.com/securing/IOSSecuritySuite.git",
      "state" : {
        "revision" : "1708ab502d8985ce1a1957128473fe866d9e965e",
        "version" : "1.9.7"
      }
    },
    {
      "identity" : "leveldb",
      "kind" : "remoteSourceControl",
      "location" : "https://github.com/firebase/leveldb.git",
      "state" : {
        "revision" : "9d108e9112aa1d65ce508facf804674546116d9c",
        "version" : "1.22.3"
      }
    },
    {
      "identity" : "lottie-ios",
      "kind" : "remoteSourceControl",
      "location" : "https://github.com/airbnb/lottie-ios",
      "state" : {
        "revision" : "b4bd0604ded9574807f41b4004b57dd1226a30a4",
        "version" : "3.5.0"
      }
    },
    {
      "identity" : "nanopb",
      "kind" : "remoteSourceControl",
      "location" : "https://github.com/firebase/nanopb.git",
      "state" : {
        "revision" : "7ee9ef9f627d85cbe1b8c4f49a3ed26eed216c77",
        "version" : "2.30908.0"
      }
    },
    {
      "identity" : "promises",
      "kind" : "remoteSourceControl",
      "location" : "https://github.com/google/promises.git",
      "state" : {
        "revision" : "afa9a1ace74e116848d4f743599ab83e584ff8cb",
        "version" : "1.2.12"
      }
    },
    {
      "identity" : "swift-protobuf",
      "kind" : "remoteSourceControl",
      "location" : "https://github.com/apple/swift-protobuf.git",
      "state" : {
        "revision" : "07f7f26ded8df9645c072f220378879c4642e063",
        "version" : "1.25.1"
      }
    }
  ],
  "version" : 2
}
